{
  "name": "tripoli-healthpulse",
  "version": "1.0.0",
  "lockfileVersion": 3,
  "requires": true,
  "packages": {
    "": {
      "name": "tripoli-healthpulse",
      "version": "1.0.0",
      "dependencies": {
        "express": "^4.21.2",
        "leaflet": "^1.9.4",
        "lucide-react": "^0.546.0",
        "mongoose": "^9.10.2",
        "react": "^19.0.1",
        "react-dom": "^19.0.1",
        "recharts": "^3.10.1"
      }
    }
  }
}
